
Microsoft Visual Studio Solution File, Format Version 12.00
# Visual Studio 15
VisualStudioVersion = 15.0.26430.15
MinimumVisualStudioVersion = 10.0.40219.1
Project("{2150E333-8FDC-42A3-9474-1A3956D46DE8}") = "src", "src", "{0087ADF7-753E-4D7E-A7E3-511D5B14526A}"
EndProject
Project("{9A19103F-16F7-4668-BE54-9A1E7A4F7556}") = "Api", "src\Api\Api.csproj", "{3ACEA3D5-1C36-453A-9550-89468107ABE8}"
EndProject
Project("{FAE04EC0-301F-11D3-BF4B-00C04F79EFBC}") = "Web", "src\Web\Web.csproj", "{A5FE1C12-142E-4360-B089-C3B39F44764D}"
EndProject
Project("{2150E333-8FDC-42A3-9474-1A3956D46DE8}") = "Solution Items", "Solution Items", "{11BEB3A5-EE3D-4ED3-931A-B3C0BEBF5220}"
	ProjectSection(SolutionItems) = preProject
		.gitignore = .gitignore
		README.md = README.md
	EndProjectSection
EndProject
Global
	GlobalSection(SolutionConfigurationPlatforms) = preSolution
		Debug|Any CPU = Debug|Any CPU
		Release|Any CPU = Release|Any CPU
	EndGlobalSection
	GlobalSection(ProjectConfigurationPlatforms) = postSolution
		{3ACEA3D5-1C36-453A-9550-89468107ABE8}.Debug|Any CPU.ActiveCfg = Debug|Any CPU
		{3ACEA3D5-1C36-453A-9550-89468107ABE8}.Debug|Any CPU.Build.0 = Debug|Any CPU
		{3ACEA3D5-1C36-453A-9550-89468107ABE8}.Release|Any CPU.ActiveCfg = Release|Any CPU
		{3ACEA3D5-1C36-453A-9550-89468107ABE8}.Release|Any CPU.Build.0 = Release|Any CPU
		{A5FE1C12-142E-4360-B089-C3B39F44764D}.Debug|Any CPU.ActiveCfg = Debug|Any CPU
		{A5FE1C12-142E-4360-B089-C3B39F44764D}.Debug|Any CPU.Build.0 = Debug|Any CPU
		{A5FE1C12-142E-4360-B089-C3B39F44764D}.Release|Any CPU.ActiveCfg = Release|Any CPU
		{A5FE1C12-142E-4360-B089-C3B39F44764D}.Release|Any CPU.Build.0 = Release|Any CPU
	EndGlobalSection
	GlobalSection(SolutionProperties) = preSolution
		HideSolutionNode = FALSE
	EndGlobalSection
	GlobalSection(NestedProjects) = preSolution
		{3ACEA3D5-1C36-453A-9550-89468107ABE8} = {0087ADF7-753E-4D7E-A7E3-511D5B14526A}
		{A5FE1C12-142E-4360-B089-C3B39F44764D} = {0087ADF7-753E-4D7E-A7E3-511D5B14526A}
	EndGlobalSection
EndGlobal
